<?xml version="1.0" encoding="utf-8"?>
<Project ToolsVersion="4.0" xmlns="http://schemas.microsoft.com/developer/msbuild/2003">
  <ItemGroup>
    <ClCompile Include="main.cpp" />
    <ClCompile Include="Base\Base.cpp">
      <Filter>Base</Filter>
    </ClCompile>
    <ClCompile Include="Base\CharaBase.cpp">
      <Filter>Base</Filter>
    </ClCompile>
    <ClCompile Include="TaskSystem\TaskManager.cpp">
      <Filter>TaskSystem</Filter>
    </ClCompile>
    <ClCompile Include="TaskSystem\Task.cpp">
      <Filter>TaskSystem</Filter>
    </ClCompile>
    <ClCompile Include="Game\BackGround.cpp">
      <Filter>Game</Filter>
    </ClCompile>
    <ClCompile Include="Game\Game.cpp">
      <Filter>Game</Filter>
    </ClCompile>
    <ClCompile Include="Scene\Title.cpp">
      <Filter>Game\Scene</Filter>
    </ClCompile>
    <ClCompile Include="Scene\Clear.cpp">
      <Filter>Game\Scene</Filter>
    </ClCompile>
    <ClCompile Include="Global.cpp" />
    <ClCompile Include="Game\Enemy\Boss.cpp">
      <Filter>Game\Enemy</Filter>
    </ClCompile>
    <ClCompile Include="Game\Enemy\BossHP.cpp">
      <Filter>Game\Enemy</Filter>
    </ClCompile>
    <ClCompile Include="Game\Enemy\Enemy.cpp">
      <Filter>Game\Enemy</Filter>
    </ClCompile>
    <ClCompile Include="Game\Enemy\EnemyAnimData.cpp">
      <Filter>Game\Enemy</Filter>
    </ClCompile>
    <ClCompile Include="Game\Enemy\EnemyHP.cpp">
      <Filter>Game\Enemy</Filter>
    </ClCompile>
    <ClCompile Include="Game\Enemy\EnemyManager.cpp">
      <Filter>Game\Enemy</Filter>
    </ClCompile>
    <ClCompile Include="Game\UI\Ranking.cpp">
      <Filter>Game\UI</Filter>
    </ClCompile>
    <ClCompile Include="Game\UI\Shadow.cpp">
      <Filter>Game\UI</Filter>
    </ClCompile>
    <ClCompile Include="Game\UI\UI.cpp">
      <Filter>Game\UI</Filter>
    </ClCompile>
    <ClCompile Include="Game\Player\Player.cpp">
      <Filter>Game\Palyer</Filter>
    </ClCompile>
    <ClCompile Include="Game\Player\PlayerAnimData.cpp">
      <Filter>Game\Palyer</Filter>
    </ClCompile>
    <ClCompile Include="Game\Player\PlayerHP.cpp">
      <Filter>Game\Palyer</Filter>
    </ClCompile>
    <ClCompile Include="Game\AttackObject.cpp" />
    <ClCompile Include="Game\Bullet\Bullet.cpp">
      <Filter>Game\Bullet</Filter>
    </ClCompile>
    <ClCompile Include="Game\Bullet\Laser.cpp">
      <Filter>Game\Bullet</Filter>
    </ClCompile>
  </ItemGroup>
  <ItemGroup>
    <Filter Include="Base">
      <UniqueIdentifier>{8cf0a2dc-fa80-4717-bd38-2ef64dcd7ed8}</UniqueIdentifier>
    </Filter>
    <Filter Include="Game">
      <UniqueIdentifier>{1219d6d8-3c7c-489c-8085-496e9b49bd3a}</UniqueIdentifier>
    </Filter>
    <Filter Include="TaskSystem">
      <UniqueIdentifier>{44dbbb53-c77a-4988-8066-34ae61b5a7d1}</UniqueIdentifier>
    </Filter>
    <Filter Include="Game\Scene">
      <UniqueIdentifier>{e0e55428-d559-4e82-b225-2c25ac4eb344}</UniqueIdentifier>
    </Filter>
    <Filter Include="Game\Palyer">
      <UniqueIdentifier>{b58272f1-174a-4b29-ad15-fbf20fb172f3}</UniqueIdentifier>
    </Filter>
    <Filter Include="Game\Enemy">
      <UniqueIdentifier>{a4141f77-f078-4803-8490-e525ad3f08fb}</UniqueIdentifier>
    </Filter>
    <Filter Include="Game\UI">
      <UniqueIdentifier>{c3484fb8-2199-41a4-9fc5-11279e0d0007}</UniqueIdentifier>
    </Filter>
    <Filter Include="Game\Bullet">
      <UniqueIdentifier>{2d531c34-6680-42a5-8ca5-80ebd5a2533f}</UniqueIdentifier>
    </Filter>
  </ItemGroup>
  <ItemGroup>
    <ClInclude Include="Base\Base.h">
      <Filter>Base</Filter>
    </ClInclude>
    <ClInclude Include="Base\CharaBase.h">
      <Filter>Base</Filter>
    </ClInclude>
    <ClInclude Include="TaskSystem\Task.h">
      <Filter>TaskSystem</Filter>
    </ClInclude>
    <ClInclude Include="TaskSystem\TaskManager.h">
      <Filter>TaskSystem</Filter>
    </ClInclude>
    <ClInclude Include="Global.h" />
    <ClInclude Include="Game\BackGround.h">
      <Filter>Game</Filter>
    </ClInclude>
    <ClInclude Include="Game\Game.h">
      <Filter>Game</Filter>
    </ClInclude>
    <ClInclude Include="Scene\Title.h">
      <Filter>Game\Scene</Filter>
    </ClInclude>
    <ClInclude Include="Scene\Clear.h">
      <Filter>Game\Scene</Filter>
    </ClInclude>
    <ClInclude Include="Game\Enemy\Boss.h">
      <Filter>Game\Enemy</Filter>
    </ClInclude>
    <ClInclude Include="Game\Enemy\BossHP.h">
      <Filter>Game\Enemy</Filter>
    </ClInclude>
    <ClInclude Include="Game\Enemy\Enemy.h">
      <Filter>Game\Enemy</Filter>
    </ClInclude>
    <ClInclude Include="Game\Enemy\EnemyAnimData.h">
      <Filter>Game\Enemy</Filter>
    </ClInclude>
    <ClInclude Include="Game\Enemy\EnemyHP.h">
      <Filter>Game\Enemy</Filter>
    </ClInclude>
    <ClInclude Include="Game\Enemy\EnemyManager.h">
      <Filter>Game\Enemy</Filter>
    </ClInclude>
    <ClInclude Include="Game\UI\Ranking.h">
      <Filter>Game\UI</Filter>
    </ClInclude>
    <ClInclude Include="Game\UI\Shadow.h">
      <Filter>Game\UI</Filter>
    </ClInclude>
    <ClInclude Include="Game\UI\UI.h">
      <Filter>Game\UI</Filter>
    </ClInclude>
    <ClInclude Include="Game\Player\Player.h">
      <Filter>Game\Palyer</Filter>
    </ClInclude>
    <ClInclude Include="Game\Player\PlayerAnimData.h">
      <Filter>Game\Palyer</Filter>
    </ClInclude>
    <ClInclude Include="Game\Player\PlayerHP.h">
      <Filter>Game\Palyer</Filter>
    </ClInclude>
    <ClInclude Include="Game\AttackObject.h" />
    <ClInclude Include="Game\Bullet\Bullet.h">
      <Filter>Game\Bullet</Filter>
    </ClInclude>
    <ClInclude Include="Game\Bullet\Laser.h">
      <Filter>Game\Bullet</Filter>
    </ClInclude>
  </ItemGroup>
</Project>