<?xml version="1.0" encoding="utf-8"?>
<Project ToolsVersion="4.0" xmlns="http://schemas.microsoft.com/developer/msbuild/2003">
  <ItemGroup>
    <ClCompile Include="Game\Bullet\Laser.cpp" />
    <ClCompile Include="Game\Enemy\Meteor.cpp" />
    <ClCompile Include="Game\Game.cpp" />
    <ClCompile Include="Game\UI\Ranking.cpp" />
    <ClCompile Include="Game\UI\RankingScore.cpp" />
    <ClCompile Include="Game\UI\Shadow.cpp" />
    <ClCompile Include="Game\UI\UI.cpp" />
    <ClCompile Include="Global.cpp" />
    <ClCompile Include="main.cpp" />
    <ClCompile Include="Scene\Title.cpp" />
    <ClCompile Include="Base\Base.cpp">
      <Filter>Base</Filter>
    </ClCompile>
    <ClCompile Include="Game\AttackObject.cpp">
      <Filter>Game</Filter>
    </ClCompile>
    <ClCompile Include="Game\Enemy\Boss.cpp">
      <Filter>Game</Filter>
    </ClCompile>
    <ClCompile Include="Game\Enemy\Boss2.cpp">
      <Filter>Game</Filter>
    </ClCompile>
    <ClCompile Include="Game\Enemy\Boss2HP.cpp">
      <Filter>Game</Filter>
    </ClCompile>
    <ClCompile Include="Game\Enemy\BossHP.cpp">
      <Filter>Game</Filter>
    </ClCompile>
    <ClCompile Include="Game\Bullet\Bullet.cpp">
      <Filter>Game</Filter>
    </ClCompile>
    <ClCompile Include="Base\CharaBase.cpp">
      <Filter>Base</Filter>
    </ClCompile>
    <ClCompile Include="Scene\Clear.cpp" />
    <ClCompile Include="Game\UI\Debuff.cpp" />
    <ClCompile Include="Game\Enemy\Enemy.cpp">
      <Filter>Game</Filter>
    </ClCompile>
    <ClCompile Include="Game\Enemy\EnemyAnimData.cpp">
      <Filter>Game</Filter>
    </ClCompile>
    <ClCompile Include="Game\Enemy\EnemyHP.cpp">
      <Filter>Game</Filter>
    </ClCompile>
    <ClCompile Include="Game\Enemy\EnemyManager.cpp">
      <Filter>Game</Filter>
    </ClCompile>
    <ClCompile Include="Game\Player\Player.cpp">
      <Filter>Game</Filter>
    </ClCompile>
    <ClCompile Include="Game\Player\PlayerAnimData.cpp">
      <Filter>Game</Filter>
    </ClCompile>
    <ClCompile Include="Game\Player\PlayerEffect.cpp">
      <Filter>Game</Filter>
    </ClCompile>
    <ClCompile Include="Game\Player\PlayerHP.cpp">
      <Filter>Game</Filter>
    </ClCompile>
    <ClCompile Include="TaskSystem\Task.cpp">
      <Filter>TaskSystem</Filter>
    </ClCompile>
    <ClCompile Include="TaskSystem\TaskManager.cpp">
      <Filter>TaskSystem</Filter>
    </ClCompile>
    <ClCompile Include="Game\Background.cpp" />
    <ClCompile Include="Scene\GameOver.cpp">
      <Filter>Scene</Filter>
    </ClCompile>
    <ClCompile Include="Game\Enemy\BossLaser.cpp">
      <Filter>Game</Filter>
    </ClCompile>
    <ClCompile Include="Game\UI\Select.cpp" />
    <ClCompile Include="Scene\HowTo.cpp" />
    <ClCompile Include="Game\EnemyBullet.cpp">
      <Filter>Game</Filter>
    </ClCompile>
  </ItemGroup>
  <ItemGroup>
    <ClInclude Include="Game\Background.h" />
    <ClInclude Include="Game\Bullet\Laser.h" />
    <ClInclude Include="Game\Enemy\Meteor.h" />
    <ClInclude Include="Game\Game.h" />
    <ClInclude Include="Game\UI\Ranking.h" />
    <ClInclude Include="Game\UI\RankingScore.h" />
    <ClInclude Include="Game\UI\Shadow.h" />
    <ClInclude Include="Game\UI\UI.h" />
    <ClInclude Include="Global.h" />
    <ClInclude Include="Scene\Title.h" />
    <ClInclude Include="Base\Base.h">
      <Filter>Base</Filter>
    </ClInclude>
    <ClInclude Include="Game\Enemy\Boss.h">
      <Filter>Game</Filter>
    </ClInclude>
    <ClInclude Include="Game\Enemy\Boss2.h">
      <Filter>Game</Filter>
    </ClInclude>
    <ClInclude Include="Game\Enemy\Boss2HP.h">
      <Filter>Game</Filter>
    </ClInclude>
    <ClInclude Include="Game\Enemy\BossHP.h">
      <Filter>Game</Filter>
    </ClInclude>
    <ClInclude Include="Game\Bullet\Bullet.h">
      <Filter>Game</Filter>
    </ClInclude>
    <ClInclude Include="Base\CharaBase.h">
      <Filter>Base</Filter>
    </ClInclude>
    <ClInclude Include="Scene\Clear.h" />
    <ClInclude Include="Game\UI\Debuff.h" />
    <ClInclude Include="Game\Enemy\Enemy.h">
      <Filter>Game</Filter>
    </ClInclude>
    <ClInclude Include="Game\Enemy\EnemyAnimData.h">
      <Filter>Game</Filter>
    </ClInclude>
    <ClInclude Include="Game\Enemy\EnemyHP.h">
      <Filter>Game</Filter>
    </ClInclude>
    <ClInclude Include="Game\Enemy\EnemyManager.h">
      <Filter>Game</Filter>
    </ClInclude>
    <ClInclude Include="Game\Player\Player.h">
      <Filter>Game</Filter>
    </ClInclude>
    <ClInclude Include="Game\Player\PlayerAnimData.h">
      <Filter>Game</Filter>
    </ClInclude>
    <ClInclude Include="Game\Player\PlayerEffect.h">
      <Filter>Game</Filter>
    </ClInclude>
    <ClInclude Include="Game\Player\PlayerHP.h">
      <Filter>Game</Filter>
    </ClInclude>
    <ClInclude Include="TaskSystem\Task.h">
      <Filter>TaskSystem</Filter>
    </ClInclude>
    <ClInclude Include="TaskSystem\TaskManager.h">
      <Filter>TaskSystem</Filter>
    </ClInclude>
    <ClInclude Include="Game\AttackObject.h">
      <Filter>Game</Filter>
    </ClInclude>
    <ClInclude Include="Scene\GameOver.h">
      <Filter>Scene</Filter>
    </ClInclude>
    <ClInclude Include="Game\Enemy\BossLaser.h">
      <Filter>Game</Filter>
    </ClInclude>
    <ClInclude Include="Game\UI\Select.h" />
    <ClInclude Include="Scene\HowTo.h" />
    <ClInclude Include="Game\EnemyBullet.h">
      <Filter>Game</Filter>
    </ClInclude>
  </ItemGroup>
  <ItemGroup>
    <Filter Include="TaskSystem">
      <UniqueIdentifier>{c8c656c2-f0f0-45ec-a35e-3e3102b7fafd}</UniqueIdentifier>
    </Filter>
    <Filter Include="Scene">
      <UniqueIdentifier>{c541cda7-3a00-4df5-877b-130d60856fc0}</UniqueIdentifier>
    </Filter>
    <Filter Include="Game">
      <UniqueIdentifier>{43791f4a-3663-4bbf-b416-278251a3475a}</UniqueIdentifier>
    </Filter>
    <Filter Include="Base">
      <UniqueIdentifier>{30eae716-0b0b-4b03-a8ca-849b5991b0f1}</UniqueIdentifier>
    </Filter>
  </ItemGroup>
</Project>